
Microsoft Visual Studio Solution File, Format Version 12.00
# Visual Studio Version 16
VisualStudioVersion = 16.0.29905.134
MinimumVisualStudioVersion = 10.0.40219.1
Project("{9A19103F-16F7-4668-BE54-9A1E7A4F7556}") = "ChatbotAPI", "ChatbotAPI\ChatbotAPI.csproj", "{1D95890F-AF95-4BA9-B29F-ABD7D1405746}"
EndProject
Global
	GlobalSection(SolutionConfigurationPlatforms) = preSolution
		Debug|Any CPU = Debug|Any CPU
		Release|Any CPU = Release|Any CPU
	EndGlobalSection
	GlobalSection(ProjectConfigurationPlatforms) = postSolution
		{1D95890F-AF95-4BA9-B29F-ABD7D1405746}.Debug|Any CPU.ActiveCfg = Debug|Any CPU
		{1D95890F-AF95-4BA9-B29F-ABD7D1405746}.Debug|Any CPU.Build.0 = Debug|Any CPU
		{1D95890F-AF95-4BA9-B29F-ABD7D1405746}.Release|Any CPU.ActiveCfg = Release|Any CPU
		{1D95890F-AF95-4BA9-B29F-ABD7D1405746}.Release|Any CPU.Build.0 = Release|Any CPU
	EndGlobalSection
	GlobalSection(SolutionProperties) = preSolution
		HideSolutionNode = FALSE
	EndGlobalSection
	GlobalSection(ExtensibilityGlobals) = postSolution
		SolutionGuid = {33F762F0-9103-4BE0-AF61-0AB49F3C3A56}
	EndGlobalSection
EndGlobal
